
Microsoft Visual Studio Solution File, Format Version 12.00
# Visual Studio Version 17
VisualStudioVersion = 17.12.35521.163 d17.12
MinimumVisualStudioVersion = 10.0.40219.1
Project("{FAE04EC0-301F-11D3-BF4B-00C04F79EFBC}") = "LeagueBuilds.Api", "src\LeagueBuilds.Api\LeagueBuilds.Api.csproj", "{02972B31-D2C3-40E6-81C5-56CC7BB32E8D}"
EndProject
Project("{FAE04EC0-301F-11D3-BF4B-00C04F79EFBC}") = "LeagueBuilds.Cdk", "src\LeagueBuilds.cdk\LeagueBuilds.Cdk.csproj", "{86271699-D79A-4138-BF95-040DE744F735}"
EndProject
Project("{FAE04EC0-301F-11D3-BF4B-00C04F79EFBC}") = "LeagueBuilds.Tests", "test\LeagueBuilds.Tests\LeagueBuilds.Tests.csproj", "{89846A5C-33AF-415A-832A-E6E2C811D9F2}"
EndProject
Global
	GlobalSection(SolutionConfigurationPlatforms) = preSolution
		Debug|Any CPU = Debug|Any CPU
		Release|Any CPU = Release|Any CPU
	EndGlobalSection
	GlobalSection(ProjectConfigurationPlatforms) = postSolution
		{02972B31-D2C3-40E6-81C5-56CC7BB32E8D}.Debug|Any CPU.ActiveCfg = Debug|Any CPU
		{02972B31-D2C3-40E6-81C5-56CC7BB32E8D}.Debug|Any CPU.Build.0 = Debug|Any CPU
		{02972B31-D2C3-40E6-81C5-56CC7BB32E8D}.Release|Any CPU.ActiveCfg = Release|Any CPU
		{02972B31-D2C3-40E6-81C5-56CC7BB32E8D}.Release|Any CPU.Build.0 = Release|Any CPU
		{86271699-D79A-4138-BF95-040DE744F735}.Debug|Any CPU.ActiveCfg = Debug|Any CPU
		{86271699-D79A-4138-BF95-040DE744F735}.Debug|Any CPU.Build.0 = Debug|Any CPU
		{86271699-D79A-4138-BF95-040DE744F735}.Release|Any CPU.ActiveCfg = Release|Any CPU
		{86271699-D79A-4138-BF95-040DE744F735}.Release|Any CPU.Build.0 = Release|Any CPU
		{89846A5C-33AF-415A-832A-E6E2C811D9F2}.Debug|Any CPU.ActiveCfg = Debug|Any CPU
		{89846A5C-33AF-415A-832A-E6E2C811D9F2}.Debug|Any CPU.Build.0 = Debug|Any CPU
		{89846A5C-33AF-415A-832A-E6E2C811D9F2}.Release|Any CPU.ActiveCfg = Release|Any CPU
		{89846A5C-33AF-415A-832A-E6E2C811D9F2}.Release|Any CPU.Build.0 = Release|Any CPU
	EndGlobalSection
	GlobalSection(SolutionProperties) = preSolution
		HideSolutionNode = FALSE
	EndGlobalSection
EndGlobal
